
Microsoft Visual Studio Solution File, Format Version 12.00
# Visual Studio Version 16
VisualStudioVersion = 16.0.29806.167
MinimumVisualStudioVersion = 10.0.40219.1
Project("{FAE04EC0-301F-11D3-BF4B-00C04F79EFBC}") = "Spielplatz", "Spielplatz\Spielplatz.csproj", "{CAB5B21D-C2E3-4BF9-88C8-569AC3A8675D}"
EndProject
Global
	GlobalSection(SolutionConfigurationPlatforms) = preSolution
		Debug|Any CPU = Debug|Any CPU
		Release|Any CPU = Release|Any CPU
	EndGlobalSection
	GlobalSection(ProjectConfigurationPlatforms) = postSolution
		{CAB5B21D-C2E3-4BF9-88C8-569AC3A8675D}.Debug|Any CPU.ActiveCfg = Debug|Any CPU
		{CAB5B21D-C2E3-4BF9-88C8-569AC3A8675D}.Debug|Any CPU.Build.0 = Debug|Any CPU
		{CAB5B21D-C2E3-4BF9-88C8-569AC3A8675D}.Release|Any CPU.ActiveCfg = Release|Any CPU
		{CAB5B21D-C2E3-4BF9-88C8-569AC3A8675D}.Release|Any CPU.Build.0 = Release|Any CPU
	EndGlobalSection
	GlobalSection(SolutionProperties) = preSolution
		HideSolutionNode = FALSE
	EndGlobalSection
	GlobalSection(ExtensibilityGlobals) = postSolution
		SolutionGuid = {87EABE80-C36F-4D23-BC59-5ED9C70B5AA5}
	EndGlobalSection
EndGlobal
