
Microsoft Visual Studio Solution File, Format Version 12.00
# Visual Studio Version 16
VisualStudioVersion = 16.0.29806.167
MinimumVisualStudioVersion = 10.0.40219.1
Project("{FAE04EC0-301F-11D3-BF4B-00C04F79EFBC}") = "PA4_Schneider_Armin", "PA4_Schneider_Armin\PA4_Schneider_Armin.csproj", "{B4CF4437-75AC-4244-B374-E60B8C6DB53B}"
EndProject
Global
	GlobalSection(SolutionConfigurationPlatforms) = preSolution
		Debug|Any CPU = Debug|Any CPU
		Release|Any CPU = Release|Any CPU
	EndGlobalSection
	GlobalSection(ProjectConfigurationPlatforms) = postSolution
		{B4CF4437-75AC-4244-B374-E60B8C6DB53B}.Debug|Any CPU.ActiveCfg = Debug|Any CPU
		{B4CF4437-75AC-4244-B374-E60B8C6DB53B}.Debug|Any CPU.Build.0 = Debug|Any CPU
		{B4CF4437-75AC-4244-B374-E60B8C6DB53B}.Release|Any CPU.ActiveCfg = Release|Any CPU
		{B4CF4437-75AC-4244-B374-E60B8C6DB53B}.Release|Any CPU.Build.0 = Release|Any CPU
	EndGlobalSection
	GlobalSection(SolutionProperties) = preSolution
		HideSolutionNode = FALSE
	EndGlobalSection
	GlobalSection(ExtensibilityGlobals) = postSolution
		SolutionGuid = {858D9418-C3EB-4D71-AABB-CC67959F7EC3}
	EndGlobalSection
EndGlobal
