
Microsoft Visual Studio Solution File, Format Version 12.00
# Visual Studio Version 16
VisualStudioVersion = 16.0.31624.102
MinimumVisualStudioVersion = 10.0.40219.1
Project("{FAE04EC0-301F-11D3-BF4B-00C04F79EFBC}") = "W-Karte", "W-Karte\W-Karte.csproj", "{B0DECB54-8378-410C-8A3D-3E240898B092}"
EndProject
Global
	GlobalSection(SolutionConfigurationPlatforms) = preSolution
		Debug|Any CPU = Debug|Any CPU
		Release|Any CPU = Release|Any CPU
	EndGlobalSection
	GlobalSection(ProjectConfigurationPlatforms) = postSolution
		{B0DECB54-8378-410C-8A3D-3E240898B092}.Debug|Any CPU.ActiveCfg = Debug|Any CPU
		{B0DECB54-8378-410C-8A3D-3E240898B092}.Debug|Any CPU.Build.0 = Debug|Any CPU
		{B0DECB54-8378-410C-8A3D-3E240898B092}.Release|Any CPU.ActiveCfg = Release|Any CPU
		{B0DECB54-8378-410C-8A3D-3E240898B092}.Release|Any CPU.Build.0 = Release|Any CPU
	EndGlobalSection
	GlobalSection(SolutionProperties) = preSolution
		HideSolutionNode = FALSE
	EndGlobalSection
	GlobalSection(ExtensibilityGlobals) = postSolution
		SolutionGuid = {4A82AC22-C970-4D07-B64D-806712C6B9DF}
	EndGlobalSection
EndGlobal
