
Microsoft Visual Studio Solution File, Format Version 12.00
# Visual Studio Version 16
VisualStudioVersion = 16.0.31624.102
MinimumVisualStudioVersion = 10.0.40219.1
Project("{FAE04EC0-301F-11D3-BF4B-00C04F79EFBC}") = "WPF Einkaufslistengenerator", "WPF Einkaufslistengenerator\WPF Einkaufslistengenerator.csproj", "{E1EEE132-5BE5-4772-B8A1-6609DDA24128}"
EndProject
Global
	GlobalSection(SolutionConfigurationPlatforms) = preSolution
		Debug|Any CPU = Debug|Any CPU
		Release|Any CPU = Release|Any CPU
	EndGlobalSection
	GlobalSection(ProjectConfigurationPlatforms) = postSolution
		{E1EEE132-5BE5-4772-B8A1-6609DDA24128}.Debug|Any CPU.ActiveCfg = Debug|Any CPU
		{E1EEE132-5BE5-4772-B8A1-6609DDA24128}.Debug|Any CPU.Build.0 = Debug|Any CPU
		{E1EEE132-5BE5-4772-B8A1-6609DDA24128}.Release|Any CPU.ActiveCfg = Release|Any CPU
		{E1EEE132-5BE5-4772-B8A1-6609DDA24128}.Release|Any CPU.Build.0 = Release|Any CPU
	EndGlobalSection
	GlobalSection(SolutionProperties) = preSolution
		HideSolutionNode = FALSE
	EndGlobalSection
	GlobalSection(ExtensibilityGlobals) = postSolution
		SolutionGuid = {9066B33C-30AC-4146-9FD6-4E0C37FE91B0}
	EndGlobalSection
EndGlobal
