
Microsoft Visual Studio Solution File, Format Version 11.00
# Visual Studio 2010
Project("{FAE04EC0-301F-11D3-BF4B-00C04F79EFBC}") = "WPF_Formen", "WPF_Formen\WPF_Formen.csproj", "{DE6BD932-9443-4602-A80B-F5679B029906}"
EndProject
Global
	GlobalSection(SolutionConfigurationPlatforms) = preSolution
		Debug|x86 = Debug|x86
		Release|x86 = Release|x86
	EndGlobalSection
	GlobalSection(ProjectConfigurationPlatforms) = postSolution
		{DE6BD932-9443-4602-A80B-F5679B029906}.Debug|x86.ActiveCfg = Debug|x86
		{DE6BD932-9443-4602-A80B-F5679B029906}.Debug|x86.Build.0 = Debug|x86
		{DE6BD932-9443-4602-A80B-F5679B029906}.Release|x86.ActiveCfg = Release|x86
		{DE6BD932-9443-4602-A80B-F5679B029906}.Release|x86.Build.0 = Release|x86
	EndGlobalSection
	GlobalSection(SolutionProperties) = preSolution
		HideSolutionNode = FALSE
	EndGlobalSection
EndGlobal
