
Microsoft Visual Studio Solution File, Format Version 12.00
# Visual Studio Version 16
VisualStudioVersion = 16.0.30011.22
MinimumVisualStudioVersion = 10.0.40219.1
Project("{FAE04EC0-301F-11D3-BF4B-00C04F79EFBC}") = "Raucher Selbstgeschrieben", "Raucher Selbstgeschrieben\Raucher Selbstgeschrieben.csproj", "{90173D6D-CA41-4D26-8DD6-6A43B4D710F3}"
EndProject
Global
	GlobalSection(SolutionConfigurationPlatforms) = preSolution
		Debug|Any CPU = Debug|Any CPU
		Release|Any CPU = Release|Any CPU
	EndGlobalSection
	GlobalSection(ProjectConfigurationPlatforms) = postSolution
		{90173D6D-CA41-4D26-8DD6-6A43B4D710F3}.Debug|Any CPU.ActiveCfg = Debug|Any CPU
		{90173D6D-CA41-4D26-8DD6-6A43B4D710F3}.Debug|Any CPU.Build.0 = Debug|Any CPU
		{90173D6D-CA41-4D26-8DD6-6A43B4D710F3}.Release|Any CPU.ActiveCfg = Release|Any CPU
		{90173D6D-CA41-4D26-8DD6-6A43B4D710F3}.Release|Any CPU.Build.0 = Release|Any CPU
	EndGlobalSection
	GlobalSection(SolutionProperties) = preSolution
		HideSolutionNode = FALSE
	EndGlobalSection
	GlobalSection(ExtensibilityGlobals) = postSolution
		SolutionGuid = {567D183A-43E1-4E65-8B17-FEB0B2DEBDC4}
	EndGlobalSection
EndGlobal
